
Microsoft Visual Studio Solution File, Format Version 12.00
# Visual Studio Version 17
VisualStudioVersion = 17.10.35004.147
MinimumVisualStudioVersion = 10.0.40219.1
Project("{9A19103F-16F7-4668-BE54-9A1E7A4F7556}") = "Ej_1.5_U2", "Ej_1.5_U2\Ej_1.5_U2.csproj", "{D11F58FE-BCCA-4F21-AF1C-E0E232269BA3}"
EndProject
Project("{FAE04EC0-301F-11D3-BF4B-00C04F79EFBC}") = "Facturacion", "Facturacion\Facturacion.csproj", "{3998DFAA-1C6A-4787-B417-F10A21366CEB}"
EndProject
Global
	GlobalSection(SolutionConfigurationPlatforms) = preSolution
		Debug|Any CPU = Debug|Any CPU
		Release|Any CPU = Release|Any CPU
	EndGlobalSection
	GlobalSection(ProjectConfigurationPlatforms) = postSolution
		{D11F58FE-BCCA-4F21-AF1C-E0E232269BA3}.Debug|Any CPU.ActiveCfg = Debug|Any CPU
		{D11F58FE-BCCA-4F21-AF1C-E0E232269BA3}.Debug|Any CPU.Build.0 = Debug|Any CPU
		{D11F58FE-BCCA-4F21-AF1C-E0E232269BA3}.Release|Any CPU.ActiveCfg = Release|Any CPU
		{D11F58FE-BCCA-4F21-AF1C-E0E232269BA3}.Release|Any CPU.Build.0 = Release|Any CPU
		{3998DFAA-1C6A-4787-B417-F10A21366CEB}.Debug|Any CPU.ActiveCfg = Debug|Any CPU
		{3998DFAA-1C6A-4787-B417-F10A21366CEB}.Debug|Any CPU.Build.0 = Debug|Any CPU
		{3998DFAA-1C6A-4787-B417-F10A21366CEB}.Release|Any CPU.ActiveCfg = Release|Any CPU
		{3998DFAA-1C6A-4787-B417-F10A21366CEB}.Release|Any CPU.Build.0 = Release|Any CPU
	EndGlobalSection
	GlobalSection(SolutionProperties) = preSolution
		HideSolutionNode = FALSE
	EndGlobalSection
	GlobalSection(ExtensibilityGlobals) = postSolution
		SolutionGuid = {7439CDFA-08A7-4D33-A1D7-FB53F3D5A74D}
	EndGlobalSection
EndGlobal
